
Microsoft Visual Studio Solution File, Format Version 12.00
# Visual Studio 15
VisualStudioVersion = 15.0.28307.102
MinimumVisualStudioVersion = 10.0.40219.1
Project("{9A19103F-16F7-4668-BE54-9A1E7A4F7556}") = "DaltoQuiz", "DaltoQuiz\DaltoQuiz.csproj", "{731D1EB7-5D2A-4CC0-A5C0-90AD87A31F18}"
EndProject
Global
	GlobalSection(SolutionConfigurationPlatforms) = preSolution
		Debug|Any CPU = Debug|Any CPU
		Release|Any CPU = Release|Any CPU
	EndGlobalSection
	GlobalSection(ProjectConfigurationPlatforms) = postSolution
		{731D1EB7-5D2A-4CC0-A5C0-90AD87A31F18}.Debug|Any CPU.ActiveCfg = Debug|Any CPU
		{731D1EB7-5D2A-4CC0-A5C0-90AD87A31F18}.Debug|Any CPU.Build.0 = Debug|Any CPU
		{731D1EB7-5D2A-4CC0-A5C0-90AD87A31F18}.Release|Any CPU.ActiveCfg = Release|Any CPU
		{731D1EB7-5D2A-4CC0-A5C0-90AD87A31F18}.Release|Any CPU.Build.0 = Release|Any CPU
	EndGlobalSection
	GlobalSection(SolutionProperties) = preSolution
		HideSolutionNode = FALSE
	EndGlobalSection
	GlobalSection(ExtensibilityGlobals) = postSolution
		SolutionGuid = {2B4CC2CE-957A-45DB-B07C-C4A1E5A83D01}
	EndGlobalSection
EndGlobal
